
Microsoft Visual Studio Solution File, Format Version 12.00
# Visual Studio Version 17
VisualStudioVersion = 17.7.34009.444
MinimumVisualStudioVersion = 10.0.40219.1
Project("{9A19103F-16F7-4668-BE54-9A1E7A4F7556}") = "TesteThomas2.0", "TesteThomas2.0.csproj", "{F8029921-D106-42F8-9732-F54DE141BFFF}"
EndProject
Global
	GlobalSection(SolutionConfigurationPlatforms) = preSolution
		Debug|Any CPU = Debug|Any CPU
		Release|Any CPU = Release|Any CPU
	EndGlobalSection
	GlobalSection(ProjectConfigurationPlatforms) = postSolution
		{F8029921-D106-42F8-9732-F54DE141BFFF}.Debug|Any CPU.ActiveCfg = Debug|Any CPU
		{F8029921-D106-42F8-9732-F54DE141BFFF}.Debug|Any CPU.Build.0 = Debug|Any CPU
		{F8029921-D106-42F8-9732-F54DE141BFFF}.Release|Any CPU.ActiveCfg = Release|Any CPU
		{F8029921-D106-42F8-9732-F54DE141BFFF}.Release|Any CPU.Build.0 = Release|Any CPU
	EndGlobalSection
	GlobalSection(SolutionProperties) = preSolution
		HideSolutionNode = FALSE
	EndGlobalSection
	GlobalSection(ExtensibilityGlobals) = postSolution
		SolutionGuid = {3E9F4BE4-0F11-4B2D-A613-F642E71C2DCE}
	EndGlobalSection
EndGlobal
